
Microsoft Visual Studio Solution File, Format Version 12.00
# Visual Studio Version 17
VisualStudioVersion = 17.2.32516.85
MinimumVisualStudioVersion = 10.0.40219.1
Project("{FAE04EC0-301F-11D3-BF4B-00C04F79EFBC}") = "CodeDuplication", "CodeDuplication\CodeDuplication.csproj", "{8252DB4C-5CD1-4861-8E69-DE8E63CC1424}"
EndProject
Project("{FAE04EC0-301F-11D3-BF4B-00C04F79EFBC}") = "Method", "Method\Method.csproj", "{F6DE0261-5CAC-4CB8-B65D-7D6395EE660C}"
EndProject
Project("{FAE04EC0-301F-11D3-BF4B-00C04F79EFBC}") = "Arrays", "Arrays\Arrays.csproj", "{6AB7DEED-F1C6-4091-9C0A-3FAD8A8DDBF3}"
EndProject
Project("{FAE04EC0-301F-11D3-BF4B-00C04F79EFBC}") = "Class", "Class\Class.csproj", "{465258EE-5038-4840-A8DF-8C3FADD2C43C}"
EndProject
Project("{FAE04EC0-301F-11D3-BF4B-00C04F79EFBC}") = "RecapDemo1", "RecapDemo1\RecapDemo1.csproj", "{0F59A2AD-2A1B-47E5-A7C2-C54BC081F2EC}"
EndProject
Project("{FAE04EC0-301F-11D3-BF4B-00C04F79EFBC}") = "Interface", "Interface\Interface.csproj", "{F195AD36-36F1-4092-99ED-34E55877DB01}"
EndProject
Project("{FAE04EC0-301F-11D3-BF4B-00C04F79EFBC}") = "Inheritance", "Inheritance\Inheritance.csproj", "{512B3C22-7436-453A-9DC4-D94B09A7BC43}"
EndProject
Project("{FAE04EC0-301F-11D3-BF4B-00C04F79EFBC}") = "VirtualMethod", "VirtualMethod\VirtualMethod.csproj", "{826712B5-58A0-47A0-941E-E40BD5D50A21}"
EndProject
Global
	GlobalSection(SolutionConfigurationPlatforms) = preSolution
		Debug|Any CPU = Debug|Any CPU
		Release|Any CPU = Release|Any CPU
	EndGlobalSection
	GlobalSection(ProjectConfigurationPlatforms) = postSolution
		{8252DB4C-5CD1-4861-8E69-DE8E63CC1424}.Debug|Any CPU.ActiveCfg = Debug|Any CPU
		{8252DB4C-5CD1-4861-8E69-DE8E63CC1424}.Debug|Any CPU.Build.0 = Debug|Any CPU
		{8252DB4C-5CD1-4861-8E69-DE8E63CC1424}.Release|Any CPU.ActiveCfg = Release|Any CPU
		{8252DB4C-5CD1-4861-8E69-DE8E63CC1424}.Release|Any CPU.Build.0 = Release|Any CPU
		{F6DE0261-5CAC-4CB8-B65D-7D6395EE660C}.Debug|Any CPU.ActiveCfg = Debug|Any CPU
		{F6DE0261-5CAC-4CB8-B65D-7D6395EE660C}.Debug|Any CPU.Build.0 = Debug|Any CPU
		{F6DE0261-5CAC-4CB8-B65D-7D6395EE660C}.Release|Any CPU.ActiveCfg = Release|Any CPU
		{F6DE0261-5CAC-4CB8-B65D-7D6395EE660C}.Release|Any CPU.Build.0 = Release|Any CPU
		{6AB7DEED-F1C6-4091-9C0A-3FAD8A8DDBF3}.Debug|Any CPU.ActiveCfg = Debug|Any CPU
		{6AB7DEED-F1C6-4091-9C0A-3FAD8A8DDBF3}.Debug|Any CPU.Build.0 = Debug|Any CPU
		{6AB7DEED-F1C6-4091-9C0A-3FAD8A8DDBF3}.Release|Any CPU.ActiveCfg = Release|Any CPU
		{6AB7DEED-F1C6-4091-9C0A-3FAD8A8DDBF3}.Release|Any CPU.Build.0 = Release|Any CPU
		{465258EE-5038-4840-A8DF-8C3FADD2C43C}.Debug|Any CPU.ActiveCfg = Debug|Any CPU
		{465258EE-5038-4840-A8DF-8C3FADD2C43C}.Debug|Any CPU.Build.0 = Debug|Any CPU
		{465258EE-5038-4840-A8DF-8C3FADD2C43C}.Release|Any CPU.ActiveCfg = Release|Any CPU
		{465258EE-5038-4840-A8DF-8C3FADD2C43C}.Release|Any CPU.Build.0 = Release|Any CPU
		{0F59A2AD-2A1B-47E5-A7C2-C54BC081F2EC}.Debug|Any CPU.ActiveCfg = Debug|Any CPU
		{0F59A2AD-2A1B-47E5-A7C2-C54BC081F2EC}.Debug|Any CPU.Build.0 = Debug|Any CPU
		{0F59A2AD-2A1B-47E5-A7C2-C54BC081F2EC}.Release|Any CPU.ActiveCfg = Release|Any CPU
		{0F59A2AD-2A1B-47E5-A7C2-C54BC081F2EC}.Release|Any CPU.Build.0 = Release|Any CPU
		{F195AD36-36F1-4092-99ED-34E55877DB01}.Debug|Any CPU.ActiveCfg = Debug|Any CPU
		{F195AD36-36F1-4092-99ED-34E55877DB01}.Debug|Any CPU.Build.0 = Debug|Any CPU
		{F195AD36-36F1-4092-99ED-34E55877DB01}.Release|Any CPU.ActiveCfg = Release|Any CPU
		{F195AD36-36F1-4092-99ED-34E55877DB01}.Release|Any CPU.Build.0 = Release|Any CPU
		{512B3C22-7436-453A-9DC4-D94B09A7BC43}.Debug|Any CPU.ActiveCfg = Debug|Any CPU
		{512B3C22-7436-453A-9DC4-D94B09A7BC43}.Debug|Any CPU.Build.0 = Debug|Any CPU
		{512B3C22-7436-453A-9DC4-D94B09A7BC43}.Release|Any CPU.ActiveCfg = Release|Any CPU
		{512B3C22-7436-453A-9DC4-D94B09A7BC43}.Release|Any CPU.Build.0 = Release|Any CPU
		{826712B5-58A0-47A0-941E-E40BD5D50A21}.Debug|Any CPU.ActiveCfg = Debug|Any CPU
		{826712B5-58A0-47A0-941E-E40BD5D50A21}.Debug|Any CPU.Build.0 = Debug|Any CPU
		{826712B5-58A0-47A0-941E-E40BD5D50A21}.Release|Any CPU.ActiveCfg = Release|Any CPU
		{826712B5-58A0-47A0-941E-E40BD5D50A21}.Release|Any CPU.Build.0 = Release|Any CPU
	EndGlobalSection
	GlobalSection(SolutionProperties) = preSolution
		HideSolutionNode = FALSE
	EndGlobalSection
	GlobalSection(ExtensibilityGlobals) = postSolution
		SolutionGuid = {1772FEA5-297B-4CD6-BDEC-A2438649CC7D}
	EndGlobalSection
EndGlobal
